
Microsoft Visual Studio Solution File, Format Version 12.00
# Visual Studio Version 17
VisualStudioVersion = 17.14.36327.8
MinimumVisualStudioVersion = 10.0.40219.1
Project("{FAE04EC0-301F-11D3-BF4B-00C04F79EFBC}") = "ST.Core.Identity.Application", "ST.Core.Identity.Application\ST.Core.Identity.Application.csproj", "{CBB2BD24-9284-47BD-B1AC-31AC3758A735}"
EndProject
Project("{FAE04EC0-301F-11D3-BF4B-00C04F79EFBC}") = "ST.Core.Identity.Application.Contracts", "ST.Core.Identity.Application.Contracts\ST.Core.Identity.Application.Contracts.csproj", "{7922AFF9-B3BB-4CD2-A8B6-67640F8C2BEC}"
EndProject
Project("{FAE04EC0-301F-11D3-BF4B-00C04F79EFBC}") = "ST.Core.Identity.Domain", "ST.Core.Identity.Domain\ST.Core.Identity.Domain.csproj", "{D0784B47-DFBA-40A3-BAE8-0A0CE3AD1948}"
EndProject
Project("{FAE04EC0-301F-11D3-BF4B-00C04F79EFBC}") = "ST.Core.Identity.API", "ST.Core.Identity.API\ST.Core.Identity.API.csproj", "{20383821-56CA-449A-8310-DD24D520A37D}"
EndProject
Project("{FAE04EC0-301F-11D3-BF4B-00C04F79EFBC}") = "ST.Core.Identity.Infrastructure", "ST.Core.Identity.Infrastructure\ST.Core.Identity.Infrastructure.csproj", "{0F685CE0-5135-48E7-8EC0-368D266A9996}"
EndProject
Project("{2150E333-8FDC-42A3-9474-1A3956D46DE8}") = "Libraries", "Libraries", "{02EA681E-C7D8-13C7-8484-4AC65E1B71E8}"
EndProject
Project("{2150E333-8FDC-42A3-9474-1A3956D46DE8}") = "Tests", "Tests", "{5A05A583-4CCE-498A-B3A9-AF370EC14DAF}"
EndProject
Project("{FAE04EC0-301F-11D3-BF4B-00C04F79EFBC}") = "ST.Core.Identity.API.Tests", "ST.Core.Identity.API.Tests\ST.Core.Identity.API.Tests.csproj", "{DAF8F6E7-97B1-4F5E-9D83-4D29D4BB9330}"
EndProject
Project("{FAE04EC0-301F-11D3-BF4B-00C04F79EFBC}") = "ST.Core.Identity.Application.Tests", "ST.Core.Identity.Application.Tests\ST.Core.Identity.Application.Tests.csproj", "{89A70E0F-49BB-41B2-8E6D-C4C748AC4326}"
EndProject
Project("{FAE04EC0-301F-11D3-BF4B-00C04F79EFBC}") = "ST.Core.Identity.Dtos", "ST.Core.Identity.Dtos\ST.Core.Identity.Dtos.csproj", "{344C756C-CD02-4038-855A-2DBC50FAA013}"
EndProject
Project("{FAE04EC0-301F-11D3-BF4B-00C04F79EFBC}") = "ST.Core.Identity.DI", "ST.Core.Identity.DI\ST.Core.Identity.DI.csproj", "{58CDD0C8-EDF2-4FB1-BD75-2D538BF1B08B}"
EndProject
Project("{2150E333-8FDC-42A3-9474-1A3956D46DE8}") = "Infrastructure Layer", "Infrastructure Layer", "{F095D38B-84B2-4013-9BB9-FC52E1E01406}"
EndProject
Project("{2150E333-8FDC-42A3-9474-1A3956D46DE8}") = "API Layer", "API Layer", "{2CBF8DF3-556C-43FC-87C0-435C26FFD4C2}"
EndProject
Project("{2150E333-8FDC-42A3-9474-1A3956D46DE8}") = "Application Layer", "Application Layer", "{804AC4B1-D0E3-41A8-816D-49D2CE032A49}"
EndProject
Project("{2150E333-8FDC-42A3-9474-1A3956D46DE8}") = "Domain Layer", "Domain Layer", "{FC4E5325-470D-420D-AFBD-F61877E60FA4}"
EndProject
Project("{2150E333-8FDC-42A3-9474-1A3956D46DE8}") = "Shared", "Shared", "{26B34516-3EFA-4EAA-97DB-81027B9C3839}"
EndProject
Project("{2150E333-8FDC-42A3-9474-1A3956D46DE8}") = "IdentityAccess", "IdentityAccess", "{52AEC15A-E5AF-4ACC-89AD-0B848F2E7C34}"
EndProject
Project("{FAE04EC0-301F-11D3-BF4B-00C04F79EFBC}") = "ST.Core.IdentityAccess", "ST.Core.IdentityAccess\ST.Core.IdentityAccess.csproj", "{ABD0C385-B55A-40B4-947C-460FC150F000}"
EndProject
Project("{FAE04EC0-301F-11D3-BF4B-00C04F79EFBC}") = "ST.Core.IdentityAccess.JwtToken", "ST.Core.IdentityAccess.JwtToken\ST.Core.IdentityAccess.JwtToken.csproj", "{3A1277CC-5047-4364-B938-65E6FBE7A230}"
EndProject
Project("{FAE04EC0-301F-11D3-BF4B-00C04F79EFBC}") = "ST.Core.IdentityAccess.UserManager", "ST.Core.IdentityAccess.UserManager\ST.Core.IdentityAccess.UserManager.csproj", "{54D35517-523F-4BE2-A30E-4B844EA376BD}"
EndProject
Project("{FAE04EC0-301F-11D3-BF4B-00C04F79EFBC}") = "ST.Core.IdentityAccess.UserManager.Tests", "ST.Core.IdentityAccess.UserManager.Tests\ST.Core.IdentityAccess.UserManager.Tests.csproj", "{E7DC7EA9-2936-43F7-A4D1-47073272E076}"
EndProject
Project("{FAE04EC0-301F-11D3-BF4B-00C04F79EFBC}") = "ST.Core.Identity", "ST.Core.Identity\ST.Core.Identity.csproj", "{40E3F60A-0A26-8D81-E9BA-4DEA9519B3B1}"
EndProject
Project("{2150E333-8FDC-42A3-9474-1A3956D46DE8}") = "Fakes", "Fakes", "{A8E45642-1912-4CC6-9F70-63A8942CF35E}"
EndProject
Project("{FAE04EC0-301F-11D3-BF4B-00C04F79EFBC}") = "ST.Core.Identity.Fakes", "ST.Core.Identity.Fakes\ST.Core.Identity.Fakes.csproj", "{69253B67-33C8-DF6B-6064-50FD3BEC084B}"
EndProject
Project("{FAE04EC0-301F-11D3-BF4B-00C04F79EFBC}") = "ST.Core.IdentityAccess.Fakes", "ST.Core.IdentityAccess.Fakes\ST.Core.IdentityAccess.Fakes.csproj", "{C1A069A5-3FC0-4DF5-86AA-F49177705BAB}"
EndProject
Project("{FAE04EC0-301F-11D3-BF4B-00C04F79EFBC}") = "ST.Core.Identity.Fakes.Tests", "ST.Core.Identity.Fakes.Tests\ST.Core.Identity.Fakes.Tests.csproj", "{2F9B2B73-73D0-4B72-B954-3FC132AD1F42}"
EndProject
Project("{FAE04EC0-301F-11D3-BF4B-00C04F79EFBC}") = "ST.Core.Identity.Tests", "ST.Core.Identity.Tests\ST.Core.Identity.Tests.csproj", "{922D771D-D284-4F6E-A131-07C96F031B9E}"
EndProject
Project("{2150E333-8FDC-42A3-9474-1A3956D46DE8}") = "Data", "Data", "{74D6E7AE-A95B-413F-86C7-FEA52725FEE6}"
EndProject
Project("{FAE04EC0-301F-11D3-BF4B-00C04F79EFBC}") = "ST.Core.Identity.Data", "ST.Core.Identity.Data\ST.Core.Identity.Data.csproj", "{A06C8BCC-7583-4FE7-81EB-D13FC6223CED}"
EndProject
Project("{FAE04EC0-301F-11D3-BF4B-00C04F79EFBC}") = "ST.Core.Identity.EF", "ST.Core.Identity.EF\ST.Core.Identity.EF.csproj", "{FE418F69-940E-478F-BCAB-0225A0C1DCF3}"
EndProject
Project("{FAE04EC0-301F-11D3-BF4B-00C04F79EFBC}") = "ST.Core.Identity.EF.SqlServer", "ST.Core.Identity.EF.SqlServer\ST.Core.Identity.EF.SqlServer.csproj", "{D8A7EC61-77BB-48CD-93CD-6C70175AA59A}"
EndProject
Project("{FAE04EC0-301F-11D3-BF4B-00C04F79EFBC}") = "ST.Core.Identity.EF.Tests", "ST.Core.Identity.EF.Tests\ST.Core.Identity.EF.Tests.csproj", "{FEBD0B3A-47A4-4C21-AB7F-297396DA501B}"
EndProject
Global
	GlobalSection(SolutionConfigurationPlatforms) = preSolution
		Debug|Any CPU = Debug|Any CPU
		Release|Any CPU = Release|Any CPU
	EndGlobalSection
	GlobalSection(ProjectConfigurationPlatforms) = postSolution
		{CBB2BD24-9284-47BD-B1AC-31AC3758A735}.Debug|Any CPU.ActiveCfg = Debug|Any CPU
		{CBB2BD24-9284-47BD-B1AC-31AC3758A735}.Debug|Any CPU.Build.0 = Debug|Any CPU
		{CBB2BD24-9284-47BD-B1AC-31AC3758A735}.Release|Any CPU.ActiveCfg = Release|Any CPU
		{CBB2BD24-9284-47BD-B1AC-31AC3758A735}.Release|Any CPU.Build.0 = Release|Any CPU
		{7922AFF9-B3BB-4CD2-A8B6-67640F8C2BEC}.Debug|Any CPU.ActiveCfg = Debug|Any CPU
		{7922AFF9-B3BB-4CD2-A8B6-67640F8C2BEC}.Debug|Any CPU.Build.0 = Debug|Any CPU
		{7922AFF9-B3BB-4CD2-A8B6-67640F8C2BEC}.Release|Any CPU.ActiveCfg = Release|Any CPU
		{7922AFF9-B3BB-4CD2-A8B6-67640F8C2BEC}.Release|Any CPU.Build.0 = Release|Any CPU
		{D0784B47-DFBA-40A3-BAE8-0A0CE3AD1948}.Debug|Any CPU.ActiveCfg = Debug|Any CPU
		{D0784B47-DFBA-40A3-BAE8-0A0CE3AD1948}.Debug|Any CPU.Build.0 = Debug|Any CPU
		{D0784B47-DFBA-40A3-BAE8-0A0CE3AD1948}.Release|Any CPU.ActiveCfg = Release|Any CPU
		{D0784B47-DFBA-40A3-BAE8-0A0CE3AD1948}.Release|Any CPU.Build.0 = Release|Any CPU
		{20383821-56CA-449A-8310-DD24D520A37D}.Debug|Any CPU.ActiveCfg = Debug|Any CPU
		{20383821-56CA-449A-8310-DD24D520A37D}.Debug|Any CPU.Build.0 = Debug|Any CPU
		{20383821-56CA-449A-8310-DD24D520A37D}.Release|Any CPU.ActiveCfg = Release|Any CPU
		{20383821-56CA-449A-8310-DD24D520A37D}.Release|Any CPU.Build.0 = Release|Any CPU
		{0F685CE0-5135-48E7-8EC0-368D266A9996}.Debug|Any CPU.ActiveCfg = Debug|Any CPU
		{0F685CE0-5135-48E7-8EC0-368D266A9996}.Debug|Any CPU.Build.0 = Debug|Any CPU
		{0F685CE0-5135-48E7-8EC0-368D266A9996}.Release|Any CPU.ActiveCfg = Release|Any CPU
		{0F685CE0-5135-48E7-8EC0-368D266A9996}.Release|Any CPU.Build.0 = Release|Any CPU
		{DAF8F6E7-97B1-4F5E-9D83-4D29D4BB9330}.Debug|Any CPU.ActiveCfg = Debug|Any CPU
		{DAF8F6E7-97B1-4F5E-9D83-4D29D4BB9330}.Debug|Any CPU.Build.0 = Debug|Any CPU
		{DAF8F6E7-97B1-4F5E-9D83-4D29D4BB9330}.Release|Any CPU.ActiveCfg = Release|Any CPU
		{DAF8F6E7-97B1-4F5E-9D83-4D29D4BB9330}.Release|Any CPU.Build.0 = Release|Any CPU
		{89A70E0F-49BB-41B2-8E6D-C4C748AC4326}.Debug|Any CPU.ActiveCfg = Debug|Any CPU
		{89A70E0F-49BB-41B2-8E6D-C4C748AC4326}.Debug|Any CPU.Build.0 = Debug|Any CPU
		{89A70E0F-49BB-41B2-8E6D-C4C748AC4326}.Release|Any CPU.ActiveCfg = Release|Any CPU
		{89A70E0F-49BB-41B2-8E6D-C4C748AC4326}.Release|Any CPU.Build.0 = Release|Any CPU
		{344C756C-CD02-4038-855A-2DBC50FAA013}.Debug|Any CPU.ActiveCfg = Debug|Any CPU
		{344C756C-CD02-4038-855A-2DBC50FAA013}.Debug|Any CPU.Build.0 = Debug|Any CPU
		{344C756C-CD02-4038-855A-2DBC50FAA013}.Release|Any CPU.ActiveCfg = Release|Any CPU
		{344C756C-CD02-4038-855A-2DBC50FAA013}.Release|Any CPU.Build.0 = Release|Any CPU
		{58CDD0C8-EDF2-4FB1-BD75-2D538BF1B08B}.Debug|Any CPU.ActiveCfg = Debug|Any CPU
		{58CDD0C8-EDF2-4FB1-BD75-2D538BF1B08B}.Debug|Any CPU.Build.0 = Debug|Any CPU
		{58CDD0C8-EDF2-4FB1-BD75-2D538BF1B08B}.Release|Any CPU.ActiveCfg = Release|Any CPU
		{58CDD0C8-EDF2-4FB1-BD75-2D538BF1B08B}.Release|Any CPU.Build.0 = Release|Any CPU
		{ABD0C385-B55A-40B4-947C-460FC150F000}.Debug|Any CPU.ActiveCfg = Debug|Any CPU
		{ABD0C385-B55A-40B4-947C-460FC150F000}.Debug|Any CPU.Build.0 = Debug|Any CPU
		{ABD0C385-B55A-40B4-947C-460FC150F000}.Release|Any CPU.ActiveCfg = Release|Any CPU
		{ABD0C385-B55A-40B4-947C-460FC150F000}.Release|Any CPU.Build.0 = Release|Any CPU
		{3A1277CC-5047-4364-B938-65E6FBE7A230}.Debug|Any CPU.ActiveCfg = Debug|Any CPU
		{3A1277CC-5047-4364-B938-65E6FBE7A230}.Debug|Any CPU.Build.0 = Debug|Any CPU
		{3A1277CC-5047-4364-B938-65E6FBE7A230}.Release|Any CPU.ActiveCfg = Release|Any CPU
		{3A1277CC-5047-4364-B938-65E6FBE7A230}.Release|Any CPU.Build.0 = Release|Any CPU
		{54D35517-523F-4BE2-A30E-4B844EA376BD}.Debug|Any CPU.ActiveCfg = Debug|Any CPU
		{54D35517-523F-4BE2-A30E-4B844EA376BD}.Debug|Any CPU.Build.0 = Debug|Any CPU
		{54D35517-523F-4BE2-A30E-4B844EA376BD}.Release|Any CPU.ActiveCfg = Release|Any CPU
		{54D35517-523F-4BE2-A30E-4B844EA376BD}.Release|Any CPU.Build.0 = Release|Any CPU
		{E7DC7EA9-2936-43F7-A4D1-47073272E076}.Debug|Any CPU.ActiveCfg = Debug|Any CPU
		{E7DC7EA9-2936-43F7-A4D1-47073272E076}.Debug|Any CPU.Build.0 = Debug|Any CPU
		{E7DC7EA9-2936-43F7-A4D1-47073272E076}.Release|Any CPU.ActiveCfg = Release|Any CPU
		{E7DC7EA9-2936-43F7-A4D1-47073272E076}.Release|Any CPU.Build.0 = Release|Any CPU
		{40E3F60A-0A26-8D81-E9BA-4DEA9519B3B1}.Debug|Any CPU.ActiveCfg = Debug|Any CPU
		{40E3F60A-0A26-8D81-E9BA-4DEA9519B3B1}.Debug|Any CPU.Build.0 = Debug|Any CPU
		{40E3F60A-0A26-8D81-E9BA-4DEA9519B3B1}.Release|Any CPU.ActiveCfg = Release|Any CPU
		{40E3F60A-0A26-8D81-E9BA-4DEA9519B3B1}.Release|Any CPU.Build.0 = Release|Any CPU
		{69253B67-33C8-DF6B-6064-50FD3BEC084B}.Debug|Any CPU.ActiveCfg = Debug|Any CPU
		{69253B67-33C8-DF6B-6064-50FD3BEC084B}.Debug|Any CPU.Build.0 = Debug|Any CPU
		{69253B67-33C8-DF6B-6064-50FD3BEC084B}.Release|Any CPU.ActiveCfg = Release|Any CPU
		{69253B67-33C8-DF6B-6064-50FD3BEC084B}.Release|Any CPU.Build.0 = Release|Any CPU
		{C1A069A5-3FC0-4DF5-86AA-F49177705BAB}.Debug|Any CPU.ActiveCfg = Debug|Any CPU
		{C1A069A5-3FC0-4DF5-86AA-F49177705BAB}.Debug|Any CPU.Build.0 = Debug|Any CPU
		{C1A069A5-3FC0-4DF5-86AA-F49177705BAB}.Release|Any CPU.ActiveCfg = Release|Any CPU
		{C1A069A5-3FC0-4DF5-86AA-F49177705BAB}.Release|Any CPU.Build.0 = Release|Any CPU
		{2F9B2B73-73D0-4B72-B954-3FC132AD1F42}.Debug|Any CPU.ActiveCfg = Debug|Any CPU
		{2F9B2B73-73D0-4B72-B954-3FC132AD1F42}.Debug|Any CPU.Build.0 = Debug|Any CPU
		{2F9B2B73-73D0-4B72-B954-3FC132AD1F42}.Release|Any CPU.ActiveCfg = Release|Any CPU
		{2F9B2B73-73D0-4B72-B954-3FC132AD1F42}.Release|Any CPU.Build.0 = Release|Any CPU
		{922D771D-D284-4F6E-A131-07C96F031B9E}.Debug|Any CPU.ActiveCfg = Debug|Any CPU
		{922D771D-D284-4F6E-A131-07C96F031B9E}.Debug|Any CPU.Build.0 = Debug|Any CPU
		{922D771D-D284-4F6E-A131-07C96F031B9E}.Release|Any CPU.ActiveCfg = Release|Any CPU
		{922D771D-D284-4F6E-A131-07C96F031B9E}.Release|Any CPU.Build.0 = Release|Any CPU
		{A06C8BCC-7583-4FE7-81EB-D13FC6223CED}.Debug|Any CPU.ActiveCfg = Debug|Any CPU
		{A06C8BCC-7583-4FE7-81EB-D13FC6223CED}.Debug|Any CPU.Build.0 = Debug|Any CPU
		{A06C8BCC-7583-4FE7-81EB-D13FC6223CED}.Release|Any CPU.ActiveCfg = Release|Any CPU
		{A06C8BCC-7583-4FE7-81EB-D13FC6223CED}.Release|Any CPU.Build.0 = Release|Any CPU
		{FE418F69-940E-478F-BCAB-0225A0C1DCF3}.Debug|Any CPU.ActiveCfg = Debug|Any CPU
		{FE418F69-940E-478F-BCAB-0225A0C1DCF3}.Debug|Any CPU.Build.0 = Debug|Any CPU
		{FE418F69-940E-478F-BCAB-0225A0C1DCF3}.Release|Any CPU.ActiveCfg = Release|Any CPU
		{FE418F69-940E-478F-BCAB-0225A0C1DCF3}.Release|Any CPU.Build.0 = Release|Any CPU
		{D8A7EC61-77BB-48CD-93CD-6C70175AA59A}.Debug|Any CPU.ActiveCfg = Debug|Any CPU
		{D8A7EC61-77BB-48CD-93CD-6C70175AA59A}.Debug|Any CPU.Build.0 = Debug|Any CPU
		{D8A7EC61-77BB-48CD-93CD-6C70175AA59A}.Release|Any CPU.ActiveCfg = Release|Any CPU
		{D8A7EC61-77BB-48CD-93CD-6C70175AA59A}.Release|Any CPU.Build.0 = Release|Any CPU
		{FEBD0B3A-47A4-4C21-AB7F-297396DA501B}.Debug|Any CPU.ActiveCfg = Debug|Any CPU
		{FEBD0B3A-47A4-4C21-AB7F-297396DA501B}.Debug|Any CPU.Build.0 = Debug|Any CPU
		{FEBD0B3A-47A4-4C21-AB7F-297396DA501B}.Release|Any CPU.ActiveCfg = Release|Any CPU
		{FEBD0B3A-47A4-4C21-AB7F-297396DA501B}.Release|Any CPU.Build.0 = Release|Any CPU
	EndGlobalSection
	GlobalSection(SolutionProperties) = preSolution
		HideSolutionNode = FALSE
	EndGlobalSection
	GlobalSection(NestedProjects) = preSolution
		{CBB2BD24-9284-47BD-B1AC-31AC3758A735} = {804AC4B1-D0E3-41A8-816D-49D2CE032A49}
		{7922AFF9-B3BB-4CD2-A8B6-67640F8C2BEC} = {804AC4B1-D0E3-41A8-816D-49D2CE032A49}
		{D0784B47-DFBA-40A3-BAE8-0A0CE3AD1948} = {FC4E5325-470D-420D-AFBD-F61877E60FA4}
		{20383821-56CA-449A-8310-DD24D520A37D} = {2CBF8DF3-556C-43FC-87C0-435C26FFD4C2}
		{0F685CE0-5135-48E7-8EC0-368D266A9996} = {F095D38B-84B2-4013-9BB9-FC52E1E01406}
		{DAF8F6E7-97B1-4F5E-9D83-4D29D4BB9330} = {5A05A583-4CCE-498A-B3A9-AF370EC14DAF}
		{89A70E0F-49BB-41B2-8E6D-C4C748AC4326} = {5A05A583-4CCE-498A-B3A9-AF370EC14DAF}
		{344C756C-CD02-4038-855A-2DBC50FAA013} = {26B34516-3EFA-4EAA-97DB-81027B9C3839}
		{58CDD0C8-EDF2-4FB1-BD75-2D538BF1B08B} = {26B34516-3EFA-4EAA-97DB-81027B9C3839}
		{F095D38B-84B2-4013-9BB9-FC52E1E01406} = {02EA681E-C7D8-13C7-8484-4AC65E1B71E8}
		{2CBF8DF3-556C-43FC-87C0-435C26FFD4C2} = {02EA681E-C7D8-13C7-8484-4AC65E1B71E8}
		{804AC4B1-D0E3-41A8-816D-49D2CE032A49} = {02EA681E-C7D8-13C7-8484-4AC65E1B71E8}
		{FC4E5325-470D-420D-AFBD-F61877E60FA4} = {02EA681E-C7D8-13C7-8484-4AC65E1B71E8}
		{26B34516-3EFA-4EAA-97DB-81027B9C3839} = {02EA681E-C7D8-13C7-8484-4AC65E1B71E8}
		{52AEC15A-E5AF-4ACC-89AD-0B848F2E7C34} = {02EA681E-C7D8-13C7-8484-4AC65E1B71E8}
		{ABD0C385-B55A-40B4-947C-460FC150F000} = {52AEC15A-E5AF-4ACC-89AD-0B848F2E7C34}
		{3A1277CC-5047-4364-B938-65E6FBE7A230} = {52AEC15A-E5AF-4ACC-89AD-0B848F2E7C34}
		{54D35517-523F-4BE2-A30E-4B844EA376BD} = {52AEC15A-E5AF-4ACC-89AD-0B848F2E7C34}
		{E7DC7EA9-2936-43F7-A4D1-47073272E076} = {5A05A583-4CCE-498A-B3A9-AF370EC14DAF}
		{40E3F60A-0A26-8D81-E9BA-4DEA9519B3B1} = {26B34516-3EFA-4EAA-97DB-81027B9C3839}
		{69253B67-33C8-DF6B-6064-50FD3BEC084B} = {A8E45642-1912-4CC6-9F70-63A8942CF35E}
		{C1A069A5-3FC0-4DF5-86AA-F49177705BAB} = {A8E45642-1912-4CC6-9F70-63A8942CF35E}
		{2F9B2B73-73D0-4B72-B954-3FC132AD1F42} = {5A05A583-4CCE-498A-B3A9-AF370EC14DAF}
		{922D771D-D284-4F6E-A131-07C96F031B9E} = {5A05A583-4CCE-498A-B3A9-AF370EC14DAF}
		{A06C8BCC-7583-4FE7-81EB-D13FC6223CED} = {74D6E7AE-A95B-413F-86C7-FEA52725FEE6}
		{FE418F69-940E-478F-BCAB-0225A0C1DCF3} = {F095D38B-84B2-4013-9BB9-FC52E1E01406}
		{D8A7EC61-77BB-48CD-93CD-6C70175AA59A} = {F095D38B-84B2-4013-9BB9-FC52E1E01406}
		{FEBD0B3A-47A4-4C21-AB7F-297396DA501B} = {5A05A583-4CCE-498A-B3A9-AF370EC14DAF}
	EndGlobalSection
	GlobalSection(ExtensibilityGlobals) = postSolution
		SolutionGuid = {5A6B4083-2ADD-4A37-A3C5-3E0CD991968F}
	EndGlobalSection
EndGlobal
